
Microsoft Visual Studio Solution File, Format Version 12.00
# Visual Studio Version 16
VisualStudioVersion = 16.0.33423.256
MinimumVisualStudioVersion = 10.0.40219.1
Project("{FAE04EC0-301F-11D3-BF4B-00C04F79EFBC}") = "HueFestival-OnlineTicket", "HueFestival-OnlineTicket\HueFestival-OnlineTicket.csproj", "{5B35E4D0-238C-403D-9EE8-0D8C723D0279}"
EndProject
Global
	GlobalSection(SolutionConfigurationPlatforms) = preSolution
		Debug|Any CPU = Debug|Any CPU
		Release|Any CPU = Release|Any CPU
	EndGlobalSection
	GlobalSection(ProjectConfigurationPlatforms) = postSolution
		{5B35E4D0-238C-403D-9EE8-0D8C723D0279}.Debug|Any CPU.ActiveCfg = Debug|Any CPU
		{5B35E4D0-238C-403D-9EE8-0D8C723D0279}.Debug|Any CPU.Build.0 = Debug|Any CPU
		{5B35E4D0-238C-403D-9EE8-0D8C723D0279}.Release|Any CPU.ActiveCfg = Release|Any CPU
		{5B35E4D0-238C-403D-9EE8-0D8C723D0279}.Release|Any CPU.Build.0 = Release|Any CPU
	EndGlobalSection
	GlobalSection(SolutionProperties) = preSolution
		HideSolutionNode = FALSE
	EndGlobalSection
	GlobalSection(ExtensibilityGlobals) = postSolution
		SolutionGuid = {09FC9BFA-9CB9-4F0A-B766-0B907A9CA807}
	EndGlobalSection
EndGlobal
